
Microsoft Visual Studio Solution File, Format Version 12.00
# Visual Studio 15
VisualStudioVersion = 15.0.26124.0
MinimumVisualStudioVersion = 15.0.26124.0
Project("{2150E333-8FDC-42A3-9474-1A3956D46DE8}") = "src", "src", "{FED54E40-DEF4-11EA-B27D-BFF27E0EC9EB}"
EndProject
Project("{FAE04EC0-301F-11D3-BF4B-00C04F79EFBC}") = "Azure.Web.Api", "src\Azure.Web.Api\Azure.Web.Api.csproj", "{19C08D8E-C23F-490F-A4B5-1D5D48E5960D}"
EndProject
Global
	GlobalSection(SolutionConfigurationPlatforms) = preSolution
		Debug|Any CPU = Debug|Any CPU
		Debug|x64 = Debug|x64
		Debug|x86 = Debug|x86
		Release|Any CPU = Release|Any CPU
		Release|x64 = Release|x64
		Release|x86 = Release|x86
	EndGlobalSection
	GlobalSection(SolutionProperties) = preSolution
		HideSolutionNode = FALSE
	EndGlobalSection
	GlobalSection(ProjectConfigurationPlatforms) = postSolution
		{19C08D8E-C23F-490F-A4B5-1D5D48E5960D}.Debug|Any CPU.ActiveCfg = Debug|Any CPU
		{19C08D8E-C23F-490F-A4B5-1D5D48E5960D}.Debug|Any CPU.Build.0 = Debug|Any CPU
		{19C08D8E-C23F-490F-A4B5-1D5D48E5960D}.Debug|x64.ActiveCfg = Debug|Any CPU
		{19C08D8E-C23F-490F-A4B5-1D5D48E5960D}.Debug|x64.Build.0 = Debug|Any CPU
		{19C08D8E-C23F-490F-A4B5-1D5D48E5960D}.Debug|x86.ActiveCfg = Debug|Any CPU
		{19C08D8E-C23F-490F-A4B5-1D5D48E5960D}.Debug|x86.Build.0 = Debug|Any CPU
		{19C08D8E-C23F-490F-A4B5-1D5D48E5960D}.Release|Any CPU.ActiveCfg = Release|Any CPU
		{19C08D8E-C23F-490F-A4B5-1D5D48E5960D}.Release|Any CPU.Build.0 = Release|Any CPU
		{19C08D8E-C23F-490F-A4B5-1D5D48E5960D}.Release|x64.ActiveCfg = Release|Any CPU
		{19C08D8E-C23F-490F-A4B5-1D5D48E5960D}.Release|x64.Build.0 = Release|Any CPU
		{19C08D8E-C23F-490F-A4B5-1D5D48E5960D}.Release|x86.ActiveCfg = Release|Any CPU
		{19C08D8E-C23F-490F-A4B5-1D5D48E5960D}.Release|x86.Build.0 = Release|Any CPU
	EndGlobalSection
	GlobalSection(NestedProjects) = preSolution
		{19C08D8E-C23F-490F-A4B5-1D5D48E5960D} = {FED54E40-DEF4-11EA-B27D-BFF27E0EC9EB}
	EndGlobalSection
EndGlobal
